// !$*UTF8*$!
{
	archiveVersion = 1;
	classes = {
	};
	objectVersion = 50;
	objects = {

/* Begin PBXBuildFile section */
		5B4E7ECDD328252A2201728B /* Pods_package.framework in Frameworks */ = {isa = PBXBuildFile; fileRef = F35821FDBF23D0C91AD989F1 /* Pods_package.framework */; };
		84716C4A34BC8010440F86A7 /* Pods_packageUITests.framework in Frameworks */ = {isa = PBXBuildFile; fileRef = 01144A11B17664334FD2DEB0 /* Pods_packageUITests.framework */; };
		8488140A2212A64A0001EBB0 /* AppDelegate.swift in Sources */ = {isa = PBXBuildFile; fileRef = 848814092212A64A0001EBB0 /* AppDelegate.swift */; };
		8488140C2212A64A0001EBB0 /* ViewController.swift in Sources */ = {isa = PBXBuildFile; fileRef = 8488140B2212A64A0001EBB0 /* ViewController.swift */; };
		8488140F2212A64A0001EBB0 /* Main.storyboard in Resources */ = {isa = PBXBuildFile; fileRef = 8488140D2212A64A0001EBB0 /* Main.storyboard */; };
		848814122212A64A0001EBB0 /* package.xcdatamodeld in Sources */ = {isa = PBXBuildFile; fileRef = 848814102212A64A0001EBB0 /* package.xcdatamodeld */; };
		848814142212A64B0001EBB0 /* Assets.xcassets in Resources */ = {isa = PBXBuildFile; fileRef = 848814132212A64B0001EBB0 /* Assets.xcassets */; };
		848814172212A64B0001EBB0 /* LaunchScreen.storyboard in Resources */ = {isa = PBXBuildFile; fileRef = 848814152212A64B0001EBB0 /* LaunchScreen.storyboard */; };
		848814222212A64B0001EBB0 /* packageTests.swift in Sources */ = {isa = PBXBuildFile; fileRef = 848814212212A64B0001EBB0 /* packageTests.swift */; };
		8488142D2212A64B0001EBB0 /* packageUITests.swift in Sources */ = {isa = PBXBuildFile; fileRef = 8488142C2212A64B0001EBB0 /* packageUITests.swift */; };
		8488143B2212A6780001EBB0 /* Constant.swift in Sources */ = {isa = PBXBuildFile; fileRef = 8488143A2212A6780001EBB0 /* Constant.swift */; };
		8488143E2212A6AC0001EBB0 /* BaseViewController.swift in Sources */ = {isa = PBXBuildFile; fileRef = 8488143D2212A6AC0001EBB0 /* BaseViewController.swift */; };
		848814402212A6DA0001EBB0 /* BaseWebViewController.swift in Sources */ = {isa = PBXBuildFile; fileRef = 8488143F2212A6DA0001EBB0 /* BaseWebViewController.swift */; };
		848814462213B55B0001EBB0 /* ComponentExtension.swift in Sources */ = {isa = PBXBuildFile; fileRef = 848814452213B55B0001EBB0 /* ComponentExtension.swift */; };
		848814482213C09B0001EBB0 /* BaseNavigationController.swift in Sources */ = {isa = PBXBuildFile; fileRef = 848814472213C09B0001EBB0 /* BaseNavigationController.swift */; };
		848814532214137D0001EBB0 /* H5ViewController.swift in Sources */ = {isa = PBXBuildFile; fileRef = 848814522214137D0001EBB0 /* H5ViewController.swift */; };
		84881455221415E10001EBB0 /* BaseWebView.swift in Sources */ = {isa = PBXBuildFile; fileRef = 84881454221415E10001EBB0 /* BaseWebView.swift */; };
		8488145722142D280001EBB0 /* BaseTableViewController.swift in Sources */ = {isa = PBXBuildFile; fileRef = 8488145622142D280001EBB0 /* BaseTableViewController.swift */; };
		8488145C221539410001EBB0 /* BaseTableViewCell.swift in Sources */ = {isa = PBXBuildFile; fileRef = 8488145B221539410001EBB0 /* BaseTableViewCell.swift */; };
		8488145E22153B340001EBB0 /* PHTabbarView.swift in Sources */ = {isa = PBXBuildFile; fileRef = 8488145D22153B340001EBB0 /* PHTabbarView.swift */; };
		848814612215602B0001EBB0 /* NetTool.swift in Sources */ = {isa = PBXBuildFile; fileRef = 848814602215602B0001EBB0 /* NetTool.swift */; };
		84881463221566290001EBB0 /* LocationViewController.swift in Sources */ = {isa = PBXBuildFile; fileRef = 84881462221566290001EBB0 /* LocationViewController.swift */; };
		848814652215670C0001EBB0 /* Request.swift in Sources */ = {isa = PBXBuildFile; fileRef = 848814642215670C0001EBB0 /* Request.swift */; };
		8488146722164B610001EBB0 /* PHDistrictView.swift in Sources */ = {isa = PBXBuildFile; fileRef = 8488146622164B610001EBB0 /* PHDistrictView.swift */; };
		8488146A221704660001EBB0 /* PHTextField.swift in Sources */ = {isa = PBXBuildFile; fileRef = 84881469221704660001EBB0 /* PHTextField.swift */; };
		8493FDF9221A4637006078A0 /* DetailViewController.swift in Sources */ = {isa = PBXBuildFile; fileRef = 8493FDF8221A4637006078A0 /* DetailViewController.swift */; };
		8493FDFB221A46DC006078A0 /* LoginViewController.swift in Sources */ = {isa = PBXBuildFile; fileRef = 8493FDFA221A46DC006078A0 /* LoginViewController.swift */; };
		8493FDFD221A46EC006078A0 /* RegisterViewController.swift in Sources */ = {isa = PBXBuildFile; fileRef = 8493FDFC221A46EC006078A0 /* RegisterViewController.swift */; };
		8493FDFF221A552C006078A0 /* MeViewController.swift in Sources */ = {isa = PBXBuildFile; fileRef = 8493FDFE221A552C006078A0 /* MeViewController.swift */; };
		8493FE01221A553C006078A0 /* SettingViewController.swift in Sources */ = {isa = PBXBuildFile; fileRef = 8493FE00221A553C006078A0 /* SettingViewController.swift */; };
		FD4D1CF8BFB6CFEF313A1A28 /* Pods_packageTests.framework in Frameworks */ = {isa = PBXBuildFile; fileRef = 0CBACCBD296435A614D54E2B /* Pods_packageTests.framework */; };
/* End PBXBuildFile section */

/* Begin PBXContainerItemProxy section */
		8488141E2212A64B0001EBB0 /* PBXContainerItemProxy */ = {
			isa = PBXContainerItemProxy;
			containerPortal = 848813FE2212A64A0001EBB0 /* Project object */;
			proxyType = 1;
			remoteGlobalIDString = 848814052212A64A0001EBB0;
			remoteInfo = package;
		};
		848814292212A64B0001EBB0 /* PBXContainerItemProxy */ = {
			isa = PBXContainerItemProxy;
			containerPortal = 848813FE2212A64A0001EBB0 /* Project object */;
			proxyType = 1;
			remoteGlobalIDString = 848814052212A64A0001EBB0;
			remoteInfo = package;
		};
/* End PBXContainerItemProxy section */

/* Begin PBXFileReference section */
		01144A11B17664334FD2DEB0 /* Pods_packageUITests.framework */ = {isa = PBXFileReference; explicitFileType = wrapper.framework; includeInIndex = 0; path = Pods_packageUITests.framework; sourceTree = BUILT_PRODUCTS_DIR; };
		0CBACCBD296435A614D54E2B /* Pods_packageTests.framework */ = {isa = PBXFileReference; explicitFileType = wrapper.framework; includeInIndex = 0; path = Pods_packageTests.framework; sourceTree = BUILT_PRODUCTS_DIR; };
		3434EA8EB5D434CE855BFD6D /* Pods-package.debug.xcconfig */ = {isa = PBXFileReference; includeInIndex = 1; lastKnownFileType = text.xcconfig; name = "Pods-package.debug.xcconfig"; path = "Pods/Target Support Files/Pods-package/Pods-package.debug.xcconfig"; sourceTree = "<group>"; };
		5FC68162359898F6251C3699 /* Pods-package.release.xcconfig */ = {isa = PBXFileReference; includeInIndex = 1; lastKnownFileType = text.xcconfig; name = "Pods-package.release.xcconfig"; path = "Pods/Target Support Files/Pods-package/Pods-package.release.xcconfig"; sourceTree = "<group>"; };
		848814062212A64A0001EBB0 /* package.app */ = {isa = PBXFileReference; explicitFileType = wrapper.application; includeInIndex = 0; path = package.app; sourceTree = BUILT_PRODUCTS_DIR; };
		848814092212A64A0001EBB0 /* AppDelegate.swift */ = {isa = PBXFileReference; lastKnownFileType = sourcecode.swift; path = AppDelegate.swift; sourceTree = "<group>"; };
		8488140B2212A64A0001EBB0 /* ViewController.swift */ = {isa = PBXFileReference; lastKnownFileType = sourcecode.swift; path = ViewController.swift; sourceTree = "<group>"; };
		8488140E2212A64A0001EBB0 /* Base */ = {isa = PBXFileReference; lastKnownFileType = file.storyboard; name = Base; path = Base.lproj/Main.storyboard; sourceTree = "<group>"; };
		848814112212A64A0001EBB0 /* package.xcdatamodel */ = {isa = PBXFileReference; lastKnownFileType = wrapper.xcdatamodel; path = package.xcdatamodel; sourceTree = "<group>"; };
		848814132212A64B0001EBB0 /* Assets.xcassets */ = {isa = PBXFileReference; lastKnownFileType = folder.assetcatalog; path = Assets.xcassets; sourceTree = "<group>"; };
		848814162212A64B0001EBB0 /* Base */ = {isa = PBXFileReference; lastKnownFileType = file.storyboard; name = Base; path = Base.lproj/LaunchScreen.storyboard; sourceTree = "<group>"; };
		848814182212A64B0001EBB0 /* Info.plist */ = {isa = PBXFileReference; lastKnownFileType = text.plist.xml; path = Info.plist; sourceTree = "<group>"; };
		8488141D2212A64B0001EBB0 /* packageTests.xctest */ = {isa = PBXFileReference; explicitFileType = wrapper.cfbundle; includeInIndex = 0; path = packageTests.xctest; sourceTree = BUILT_PRODUCTS_DIR; };
		848814212212A64B0001EBB0 /* packageTests.swift */ = {isa = PBXFileReference; lastKnownFileType = sourcecode.swift; path = packageTests.swift; sourceTree = "<group>"; };
		848814232212A64B0001EBB0 /* Info.plist */ = {isa = PBXFileReference; lastKnownFileType = text.plist.xml; path = Info.plist; sourceTree = "<group>"; };
		848814282212A64B0001EBB0 /* packageUITests.xctest */ = {isa = PBXFileReference; explicitFileType = wrapper.cfbundle; includeInIndex = 0; path = packageUITests.xctest; sourceTree = BUILT_PRODUCTS_DIR; };
		8488142C2212A64B0001EBB0 /* packageUITests.swift */ = {isa = PBXFileReference; lastKnownFileType = sourcecode.swift; path = packageUITests.swift; sourceTree = "<group>"; };
		8488142E2212A64B0001EBB0 /* Info.plist */ = {isa = PBXFileReference; lastKnownFileType = text.plist.xml; path = Info.plist; sourceTree = "<group>"; };
		8488143A2212A6780001EBB0 /* Constant.swift */ = {isa = PBXFileReference; lastKnownFileType = sourcecode.swift; path = Constant.swift; sourceTree = "<group>"; };
		8488143D2212A6AC0001EBB0 /* BaseViewController.swift */ = {isa = PBXFileReference; lastKnownFileType = sourcecode.swift; path = BaseViewController.swift; sourceTree = "<group>"; };
		8488143F2212A6DA0001EBB0 /* BaseWebViewController.swift */ = {isa = PBXFileReference; lastKnownFileType = sourcecode.swift; path = BaseWebViewController.swift; sourceTree = "<group>"; };
		848814452213B55B0001EBB0 /* ComponentExtension.swift */ = {isa = PBXFileReference; lastKnownFileType = sourcecode.swift; path = ComponentExtension.swift; sourceTree = "<group>"; };
		848814472213C09B0001EBB0 /* BaseNavigationController.swift */ = {isa = PBXFileReference; lastKnownFileType = sourcecode.swift; path = BaseNavigationController.swift; sourceTree = "<group>"; };
		848814522214137D0001EBB0 /* H5ViewController.swift */ = {isa = PBXFileReference; lastKnownFileType = sourcecode.swift; path = H5ViewController.swift; sourceTree = "<group>"; };
		84881454221415E10001EBB0 /* BaseWebView.swift */ = {isa = PBXFileReference; lastKnownFileType = sourcecode.swift; path = BaseWebView.swift; sourceTree = "<group>"; };
		8488145622142D280001EBB0 /* BaseTableViewController.swift */ = {isa = PBXFileReference; lastKnownFileType = sourcecode.swift; path = BaseTableViewController.swift; sourceTree = "<group>"; };
		8488145B221539410001EBB0 /* BaseTableViewCell.swift */ = {isa = PBXFileReference; lastKnownFileType = sourcecode.swift; path = BaseTableViewCell.swift; sourceTree = "<group>"; };
		8488145D22153B340001EBB0 /* PHTabbarView.swift */ = {isa = PBXFileReference; lastKnownFileType = sourcecode.swift; path = PHTabbarView.swift; sourceTree = "<group>"; };
		848814602215602B0001EBB0 /* NetTool.swift */ = {isa = PBXFileReference; lastKnownFileType = sourcecode.swift; path = NetTool.swift; sourceTree = "<group>"; };
		84881462221566290001EBB0 /* LocationViewController.swift */ = {isa = PBXFileReference; lastKnownFileType = sourcecode.swift; path = LocationViewController.swift; sourceTree = "<group>"; };
		848814642215670C0001EBB0 /* Request.swift */ = {isa = PBXFileReference; lastKnownFileType = sourcecode.swift; path = Request.swift; sourceTree = "<group>"; };
		8488146622164B610001EBB0 /* PHDistrictView.swift */ = {isa = PBXFileReference; lastKnownFileType = sourcecode.swift; path = PHDistrictView.swift; sourceTree = "<group>"; };
		84881469221704660001EBB0 /* PHTextField.swift */ = {isa = PBXFileReference; lastKnownFileType = sourcecode.swift; path = PHTextField.swift; sourceTree = "<group>"; };
		8493FDF8221A4637006078A0 /* DetailViewController.swift */ = {isa = PBXFileReference; lastKnownFileType = sourcecode.swift; path = DetailViewController.swift; sourceTree = "<group>"; };
		8493FDFA221A46DC006078A0 /* LoginViewController.swift */ = {isa = PBXFileReference; lastKnownFileType = sourcecode.swift; path = LoginViewController.swift; sourceTree = "<group>"; };
		8493FDFC221A46EC006078A0 /* RegisterViewController.swift */ = {isa = PBXFileReference; lastKnownFileType = sourcecode.swift; path = RegisterViewController.swift; sourceTree = "<group>"; };
		8493FDFE221A552C006078A0 /* MeViewController.swift */ = {isa = PBXFileReference; lastKnownFileType = sourcecode.swift; path = MeViewController.swift; sourceTree = "<group>"; };
		8493FE00221A553C006078A0 /* SettingViewController.swift */ = {isa = PBXFileReference; lastKnownFileType = sourcecode.swift; path = SettingViewController.swift; sourceTree = "<group>"; };
		86B124059A4CFAEFBC9C7EA7 /* Pods-packageUITests.release.xcconfig */ = {isa = PBXFileReference; includeInIndex = 1; lastKnownFileType = text.xcconfig; name = "Pods-packageUITests.release.xcconfig"; path = "Pods/Target Support Files/Pods-packageUITests/Pods-packageUITests.release.xcconfig"; sourceTree = "<group>"; };
		99BBC0894D3ECFBD903FBCEB /* Pods-packageUITests.debug.xcconfig */ = {isa = PBXFileReference; includeInIndex = 1; lastKnownFileType = text.xcconfig; name = "Pods-packageUITests.debug.xcconfig"; path = "Pods/Target Support Files/Pods-packageUITests/Pods-packageUITests.debug.xcconfig"; sourceTree = "<group>"; };
		B81F2C41B41ECFC4C2951B95 /* Pods-packageTests.release.xcconfig */ = {isa = PBXFileReference; includeInIndex = 1; lastKnownFileType = text.xcconfig; name = "Pods-packageTests.release.xcconfig"; path = "Pods/Target Support Files/Pods-packageTests/Pods-packageTests.release.xcconfig"; sourceTree = "<group>"; };
		C5DD890C0B879BEA8FC93B94 /* Pods-packageTests.debug.xcconfig */ = {isa = PBXFileReference; includeInIndex = 1; lastKnownFileType = text.xcconfig; name = "Pods-packageTests.debug.xcconfig"; path = "Pods/Target Support Files/Pods-packageTests/Pods-packageTests.debug.xcconfig"; sourceTree = "<group>"; };
		F35821FDBF23D0C91AD989F1 /* Pods_package.framework */ = {isa = PBXFileReference; explicitFileType = wrapper.framework; includeInIndex = 0; path = Pods_package.framework; sourceTree = BUILT_PRODUCTS_DIR; };
/* End PBXFileReference section */

/* Begin PBXFrameworksBuildPhase section */
		848814032212A64A0001EBB0 /* Frameworks */ = {
			isa = PBXFrameworksBuildPhase;
			buildActionMask = 2147483647;
			files = (
				5B4E7ECDD328252A2201728B /* Pods_package.framework in Frameworks */,
			);
			runOnlyForDeploymentPostprocessing = 0;
		};
		8488141A2212A64B0001EBB0 /* Frameworks */ = {
			isa = PBXFrameworksBuildPhase;
			buildActionMask = 2147483647;
			files = (
				FD4D1CF8BFB6CFEF313A1A28 /* Pods_packageTests.framework in Frameworks */,
			);
			runOnlyForDeploymentPostprocessing = 0;
		};
		848814252212A64B0001EBB0 /* Frameworks */ = {
			isa = PBXFrameworksBuildPhase;
			buildActionMask = 2147483647;
			files = (
				84716C4A34BC8010440F86A7 /* Pods_packageUITests.framework in Frameworks */,
			);
			runOnlyForDeploymentPostprocessing = 0;
		};
/* End PBXFrameworksBuildPhase section */

/* Begin PBXGroup section */
		666D0DAE07BC48AAECB3ADE5 /* Pods */ = {
			isa = PBXGroup;
			children = (
				3434EA8EB5D434CE855BFD6D /* Pods-package.debug.xcconfig */,
				5FC68162359898F6251C3699 /* Pods-package.release.xcconfig */,
				C5DD890C0B879BEA8FC93B94 /* Pods-packageTests.debug.xcconfig */,
				B81F2C41B41ECFC4C2951B95 /* Pods-packageTests.release.xcconfig */,
				99BBC0894D3ECFBD903FBCEB /* Pods-packageUITests.debug.xcconfig */,
				86B124059A4CFAEFBC9C7EA7 /* Pods-packageUITests.release.xcconfig */,
			);
			name = Pods;
			sourceTree = "<group>";
		};
		848813FD2212A64A0001EBB0 = {
			isa = PBXGroup;
			children = (
				848814082212A64A0001EBB0 /* package */,
				848814202212A64B0001EBB0 /* packageTests */,
				8488142B2212A64B0001EBB0 /* packageUITests */,
				848814072212A64A0001EBB0 /* Products */,
				666D0DAE07BC48AAECB3ADE5 /* Pods */,
				85804C28F256A55356A597D1 /* Frameworks */,
			);
			sourceTree = "<group>";
		};
		848814072212A64A0001EBB0 /* Products */ = {
			isa = PBXGroup;
			children = (
				848814062212A64A0001EBB0 /* package.app */,
				8488141D2212A64B0001EBB0 /* packageTests.xctest */,
				848814282212A64B0001EBB0 /* packageUITests.xctest */,
			);
			name = Products;
			sourceTree = "<group>";
		};
		848814082212A64A0001EBB0 /* package */ = {
			isa = PBXGroup;
			children = (
				848814422212A7BD0001EBB0 /* Main */,
				848814412212A7940001EBB0 /* Tools */,
				848814092212A64A0001EBB0 /* AppDelegate.swift */,
				8488140D2212A64A0001EBB0 /* Main.storyboard */,
				848814132212A64B0001EBB0 /* Assets.xcassets */,
				848814152212A64B0001EBB0 /* LaunchScreen.storyboard */,
				848814182212A64B0001EBB0 /* Info.plist */,
				848814102212A64A0001EBB0 /* package.xcdatamodeld */,
			);
			path = package;
			sourceTree = "<group>";
		};
		848814202212A64B0001EBB0 /* packageTests */ = {
			isa = PBXGroup;
			children = (
				848814212212A64B0001EBB0 /* packageTests.swift */,
				848814232212A64B0001EBB0 /* Info.plist */,
			);
			path = packageTests;
			sourceTree = "<group>";
		};
		8488142B2212A64B0001EBB0 /* packageUITests */ = {
			isa = PBXGroup;
			children = (
				8488142C2212A64B0001EBB0 /* packageUITests.swift */,
				8488142E2212A64B0001EBB0 /* Info.plist */,
			);
			path = packageUITests;
			sourceTree = "<group>";
		};
		8488143C2212A68D0001EBB0 /* Base */ = {
			isa = PBXGroup;
			children = (
				8488143D2212A6AC0001EBB0 /* BaseViewController.swift */,
				8488143F2212A6DA0001EBB0 /* BaseWebViewController.swift */,
				848814472213C09B0001EBB0 /* BaseNavigationController.swift */,
				84881454221415E10001EBB0 /* BaseWebView.swift */,
				8488145622142D280001EBB0 /* BaseTableViewController.swift */,
			);
			path = Base;
			sourceTree = "<group>";
		};
		848814412212A7940001EBB0 /* Tools */ = {
			isa = PBXGroup;
			children = (
				84881469221704660001EBB0 /* PHTextField.swift */,
				8488145D22153B340001EBB0 /* PHTabbarView.swift */,
				8488146622164B610001EBB0 /* PHDistrictView.swift */,
				8488143C2212A68D0001EBB0 /* Base */,
				8488146822164DE80001EBB0 /* Extension */,
				8488145F2215600F0001EBB0 /* NET */,
				8488143A2212A6780001EBB0 /* Constant.swift */,
			);
			path = Tools;
			sourceTree = "<group>";
		};
		848814422212A7BD0001EBB0 /* Main */ = {
			isa = PBXGroup;
			children = (
				8488145A221539150001EBB0 /* models */,
				848814592215390E0001EBB0 /* views */,
				84881458221539030001EBB0 /* controllers */,
			);
			path = Main;
			sourceTree = "<group>";
		};
		84881458221539030001EBB0 /* controllers */ = {
			isa = PBXGroup;
			children = (
				8488140B2212A64A0001EBB0 /* ViewController.swift */,
				848814522214137D0001EBB0 /* H5ViewController.swift */,
				84881462221566290001EBB0 /* LocationViewController.swift */,
				8493FDF8221A4637006078A0 /* DetailViewController.swift */,
				8493FDFA221A46DC006078A0 /* LoginViewController.swift */,
				8493FDFC221A46EC006078A0 /* RegisterViewController.swift */,
				8493FDFE221A552C006078A0 /* MeViewController.swift */,
				8493FE00221A553C006078A0 /* SettingViewController.swift */,
			);
			path = controllers;
			sourceTree = "<group>";
		};
		848814592215390E0001EBB0 /* views */ = {
			isa = PBXGroup;
			children = (
				8488145B221539410001EBB0 /* BaseTableViewCell.swift */,
			);
			path = views;
			sourceTree = "<group>";
		};
		8488145A221539150001EBB0 /* models */ = {
			isa = PBXGroup;
			children = (
			);
			path = models;
			sourceTree = "<group>";
		};
		8488145F2215600F0001EBB0 /* NET */ = {
			isa = PBXGroup;
			children = (
				848814602215602B0001EBB0 /* NetTool.swift */,
				848814642215670C0001EBB0 /* Request.swift */,
			);
			path = NET;
			sourceTree = "<group>";
		};
		8488146822164DE80001EBB0 /* Extension */ = {
			isa = PBXGroup;
			children = (
				848814452213B55B0001EBB0 /* ComponentExtension.swift */,
			);
			path = Extension;
			sourceTree = "<group>";
		};
		85804C28F256A55356A597D1 /* Frameworks */ = {
			isa = PBXGroup;
			children = (
				F35821FDBF23D0C91AD989F1 /* Pods_package.framework */,
				0CBACCBD296435A614D54E2B /* Pods_packageTests.framework */,
				01144A11B17664334FD2DEB0 /* Pods_packageUITests.framework */,
			);
			name = Frameworks;
			sourceTree = "<group>";
		};
/* End PBXGroup section */

/* Begin PBXNativeTarget section */
		848814052212A64A0001EBB0 /* package */ = {
			isa = PBXNativeTarget;
			buildConfigurationList = 848814312212A64B0001EBB0 /* Build configuration list for PBXNativeTarget "package" */;
			buildPhases = (
				1BD2DD99429755C3CC56A8F0 /* [CP] Check Pods Manifest.lock */,
				848814022212A64A0001EBB0 /* Sources */,
				848814032212A64A0001EBB0 /* Frameworks */,
				848814042212A64A0001EBB0 /* Resources */,
				603D907FBA92A60524F2CCEC /* [CP] Embed Pods Frameworks */,
			);
			buildRules = (
			);
			dependencies = (
			);
			name = package;
			productName = package;
			productReference = 848814062212A64A0001EBB0 /* package.app */;
			productType = "com.apple.product-type.application";
		};
		8488141C2212A64B0001EBB0 /* packageTests */ = {
			isa = PBXNativeTarget;
			buildConfigurationList = 848814342212A64B0001EBB0 /* Build configuration list for PBXNativeTarget "packageTests" */;
			buildPhases = (
				933F9DF2F417D13B6AFB84C7 /* [CP] Check Pods Manifest.lock */,
				848814192212A64B0001EBB0 /* Sources */,
				8488141A2212A64B0001EBB0 /* Frameworks */,
				8488141B2212A64B0001EBB0 /* Resources */,
			);
			buildRules = (
			);
			dependencies = (
				8488141F2212A64B0001EBB0 /* PBXTargetDependency */,
			);
			name = packageTests;
			productName = packageTests;
			productReference = 8488141D2212A64B0001EBB0 /* packageTests.xctest */;
			productType = "com.apple.product-type.bundle.unit-test";
		};
		848814272212A64B0001EBB0 /* packageUITests */ = {
			isa = PBXNativeTarget;
			buildConfigurationList = 848814372212A64B0001EBB0 /* Build configuration list for PBXNativeTarget "packageUITests" */;
			buildPhases = (
				806AE17D22453AA68A843D0A /* [CP] Check Pods Manifest.lock */,
				848814242212A64B0001EBB0 /* Sources */,
				848814252212A64B0001EBB0 /* Frameworks */,
				848814262212A64B0001EBB0 /* Resources */,
			);
			buildRules = (
			);
			dependencies = (
				8488142A2212A64B0001EBB0 /* PBXTargetDependency */,
			);
			name = packageUITests;
			productName = packageUITests;
			productReference = 848814282212A64B0001EBB0 /* packageUITests.xctest */;
			productType = "com.apple.product-type.bundle.ui-testing";
		};
/* End PBXNativeTarget section */

/* Begin PBXProject section */
		848813FE2212A64A0001EBB0 /* Project object */ = {
			isa = PBXProject;
			attributes = {
				LastSwiftUpdateCheck = 1010;
				LastUpgradeCheck = 1010;
				ORGANIZATIONNAME = Admin;
				TargetAttributes = {
					848814052212A64A0001EBB0 = {
						CreatedOnToolsVersion = 10.1;
					};
					8488141C2212A64B0001EBB0 = {
						CreatedOnToolsVersion = 10.1;
						TestTargetID = 848814052212A64A0001EBB0;
					};
					848814272212A64B0001EBB0 = {
						CreatedOnToolsVersion = 10.1;
						TestTargetID = 848814052212A64A0001EBB0;
					};
				};
			};
			buildConfigurationList = 848814012212A64A0001EBB0 /* Build configuration list for PBXProject "package" */;
			compatibilityVersion = "Xcode 9.3";
			developmentRegion = en;
			hasScannedForEncodings = 0;
			knownRegions = (
				en,
				Base,
			);
			mainGroup = 848813FD2212A64A0001EBB0;
			productRefGroup = 848814072212A64A0001EBB0 /* Products */;
			projectDirPath = "";
			projectRoot = "";
			targets = (
				848814052212A64A0001EBB0 /* package */,
				8488141C2212A64B0001EBB0 /* packageTests */,
				848814272212A64B0001EBB0 /* packageUITests */,
			);
		};
/* End PBXProject section */

/* Begin PBXResourcesBuildPhase section */
		848814042212A64A0001EBB0 /* Resources */ = {
			isa = PBXResourcesBuildPhase;
			buildActionMask = 2147483647;
			files = (
				848814172212A64B0001EBB0 /* LaunchScreen.storyboard in Resources */,
				848814142212A64B0001EBB0 /* Assets.xcassets in Resources */,
				8488140F2212A64A0001EBB0 /* Main.storyboard in Resources */,
			);
			runOnlyForDeploymentPostprocessing = 0;
		};
		8488141B2212A64B0001EBB0 /* Resources */ = {
			isa = PBXResourcesBuildPhase;
			buildActionMask = 2147483647;
			files = (
			);
			runOnlyForDeploymentPostprocessing = 0;
		};
		848814262212A64B0001EBB0 /* Resources */ = {
			isa = PBXResourcesBuildPhase;
			buildActionMask = 2147483647;
			files = (
			);
			runOnlyForDeploymentPostprocessing = 0;
		};
/* End PBXResourcesBuildPhase section */

/* Begin PBXShellScriptBuildPhase section */
		1BD2DD99429755C3CC56A8F0 /* [CP] Check Pods Manifest.lock */ = {
			isa = PBXShellScriptBuildPhase;
			buildActionMask = 2147483647;
			files = (
			);
			inputFileListPaths = (
			);
			inputPaths = (
				"${PODS_PODFILE_DIR_PATH}/Podfile.lock",
				"${PODS_ROOT}/Manifest.lock",
			);
			name = "[CP] Check Pods Manifest.lock";
			outputFileListPaths = (
			);
			outputPaths = (
				"$(DERIVED_FILE_DIR)/Pods-package-checkManifestLockResult.txt",
			);
			runOnlyForDeploymentPostprocessing = 0;
			shellPath = /bin/sh;
			shellScript = "diff \"${PODS_PODFILE_DIR_PATH}/Podfile.lock\" \"${PODS_ROOT}/Manifest.lock\" > /dev/null\nif [ $? != 0 ] ; then\n    # print error to STDERR\n    echo \"error: The sandbox is not in sync with the Podfile.lock. Run 'pod install' or update your CocoaPods installation.\" >&2\n    exit 1\nfi\n# This output is used by Xcode 'outputs' to avoid re-running this script phase.\necho \"SUCCESS\" > \"${SCRIPT_OUTPUT_FILE_0}\"\n";
			showEnvVarsInLog = 0;
		};
		603D907FBA92A60524F2CCEC /* [CP] Embed Pods Frameworks */ = {
			isa = PBXShellScriptBuildPhase;
			buildActionMask = 2147483647;
			files = (
			);
			inputFileListPaths = (
			);
			inputPaths = (
				"${SRCROOT}/Pods/Target Support Files/Pods-package/Pods-package-frameworks.sh",
				"${BUILT_PRODUCTS_DIR}/Alamofire/Alamofire.framework",
				"${BUILT_PRODUCTS_DIR}/SnapKit/SnapKit.framework",
				"${BUILT_PRODUCTS_DIR}/SwiftyJSON/SwiftyJSON.framework",
			);
			name = "[CP] Embed Pods Frameworks";
			outputFileListPaths = (
			);
			outputPaths = (
				"${TARGET_BUILD_DIR}/${FRAMEWORKS_FOLDER_PATH}/Alamofire.framework",
				"${TARGET_BUILD_DIR}/${FRAMEWORKS_FOLDER_PATH}/SnapKit.framework",
				"${TARGET_BUILD_DIR}/${FRAMEWORKS_FOLDER_PATH}/SwiftyJSON.framework",
			);
			runOnlyForDeploymentPostprocessing = 0;
			shellPath = /bin/sh;
			shellScript = "\"${SRCROOT}/Pods/Target Support Files/Pods-package/Pods-package-frameworks.sh\"\n";
			showEnvVarsInLog = 0;
		};
		806AE17D22453AA68A843D0A /* [CP] Check Pods Manifest.lock */ = {
			isa = PBXShellScriptBuildPhase;
			buildActionMask = 2147483647;
			files = (
			);
			inputFileListPaths = (
			);
			inputPaths = (
				"${PODS_PODFILE_DIR_PATH}/Podfile.lock",
				"${PODS_ROOT}/Manifest.lock",
			);
			name = "[CP] Check Pods Manifest.lock";
			outputFileListPaths = (
			);
			outputPaths = (
				"$(DERIVED_FILE_DIR)/Pods-packageUITests-checkManifestLockResult.txt",
			);
			runOnlyForDeploymentPostprocessing = 0;
			shellPath = /bin/sh;
			shellScript = "diff \"${PODS_PODFILE_DIR_PATH}/Podfile.lock\" \"${PODS_ROOT}/Manifest.lock\" > /dev/null\nif [ $? != 0 ] ; then\n    # print error to STDERR\n    echo \"error: The sandbox is not in sync with the Podfile.lock. Run 'pod install' or update your CocoaPods installation.\" >&2\n    exit 1\nfi\n# This output is used by Xcode 'outputs' to avoid re-running this script phase.\necho \"SUCCESS\" > \"${SCRIPT_OUTPUT_FILE_0}\"\n";
			showEnvVarsInLog = 0;
		};
		933F9DF2F417D13B6AFB84C7 /* [CP] Check Pods Manifest.lock */ = {
			isa = PBXShellScriptBuildPhase;
			buildActionMask = 2147483647;
			files = (
			);
			inputFileListPaths = (
			);
			inputPaths = (
				"${PODS_PODFILE_DIR_PATH}/Podfile.lock",
				"${PODS_ROOT}/Manifest.lock",
			);
			name = "[CP] Check Pods Manifest.lock";
			outputFileListPaths = (
			);
			outputPaths = (
				"$(DERIVED_FILE_DIR)/Pods-packageTests-checkManifestLockResult.txt",
			);
			runOnlyForDeploymentPostprocessing = 0;
			shellPath = /bin/sh;
			shellScript = "diff \"${PODS_PODFILE_DIR_PATH}/Podfile.lock\" \"${PODS_ROOT}/Manifest.lock\" > /dev/null\nif [ $? != 0 ] ; then\n    # print error to STDERR\n    echo \"error: The sandbox is not in sync with the Podfile.lock. Run 'pod install' or update your CocoaPods installation.\" >&2\n    exit 1\nfi\n# This output is used by Xcode 'outputs' to avoid re-running this script phase.\necho \"SUCCESS\" > \"${SCRIPT_OUTPUT_FILE_0}\"\n";
			showEnvVarsInLog = 0;
		};
/* End PBXShellScriptBuildPhase section */

/* Begin PBXSourcesBuildPhase section */
		848814022212A64A0001EBB0 /* Sources */ = {
			isa = PBXSourcesBuildPhase;
			buildActionMask = 2147483647;
			files = (
				84881463221566290001EBB0 /* LocationViewController.swift in Sources */,
				848814652215670C0001EBB0 /* Request.swift in Sources */,
				848814482213C09B0001EBB0 /* BaseNavigationController.swift in Sources */,
				848814532214137D0001EBB0 /* H5ViewController.swift in Sources */,
				848814402212A6DA0001EBB0 /* BaseWebViewController.swift in Sources */,
				848814612215602B0001EBB0 /* NetTool.swift in Sources */,
				8488143E2212A6AC0001EBB0 /* BaseViewController.swift in Sources */,
				8488145C221539410001EBB0 /* BaseTableViewCell.swift in Sources */,
				8493FDFB221A46DC006078A0 /* LoginViewController.swift in Sources */,
				8493FDFD221A46EC006078A0 /* RegisterViewController.swift in Sources */,
				8488140C2212A64A0001EBB0 /* ViewController.swift in Sources */,
				848814122212A64A0001EBB0 /* package.xcdatamodeld in Sources */,
				8493FDFF221A552C006078A0 /* MeViewController.swift in Sources */,
				8493FDF9221A4637006078A0 /* DetailViewController.swift in Sources */,
				8488140A2212A64A0001EBB0 /* AppDelegate.swift in Sources */,
				8488146722164B610001EBB0 /* PHDistrictView.swift in Sources */,
				8488143B2212A6780001EBB0 /* Constant.swift in Sources */,
				8488146A221704660001EBB0 /* PHTextField.swift in Sources */,
				8493FE01221A553C006078A0 /* SettingViewController.swift in Sources */,
				8488145E22153B340001EBB0 /* PHTabbarView.swift in Sources */,
				84881455221415E10001EBB0 /* BaseWebView.swift in Sources */,
				8488145722142D280001EBB0 /* BaseTableViewController.swift in Sources */,
				848814462213B55B0001EBB0 /* ComponentExtension.swift in Sources */,
			);
			runOnlyForDeploymentPostprocessing = 0;
		};
		848814192212A64B0001EBB0 /* Sources */ = {
			isa = PBXSourcesBuildPhase;
			buildActionMask = 2147483647;
			files = (
				848814222212A64B0001EBB0 /* packageTests.swift in Sources */,
			);
			runOnlyForDeploymentPostprocessing = 0;
		};
		848814242212A64B0001EBB0 /* Sources */ = {
			isa = PBXSourcesBuildPhase;
			buildActionMask = 2147483647;
			files = (
				8488142D2212A64B0001EBB0 /* packageUITests.swift in Sources */,
			);
			runOnlyForDeploymentPostprocessing = 0;
		};
/* End PBXSourcesBuildPhase section */

/* Begin PBXTargetDependency section */
		8488141F2212A64B0001EBB0 /* PBXTargetDependency */ = {
			isa = PBXTargetDependency;
			target = 848814052212A64A0001EBB0 /* package */;
			targetProxy = 8488141E2212A64B0001EBB0 /* PBXContainerItemProxy */;
		};
		8488142A2212A64B0001EBB0 /* PBXTargetDependency */ = {
			isa = PBXTargetDependency;
			target = 848814052212A64A0001EBB0 /* package */;
			targetProxy = 848814292212A64B0001EBB0 /* PBXContainerItemProxy */;
		};
/* End PBXTargetDependency section */

/* Begin PBXVariantGroup section */
		8488140D2212A64A0001EBB0 /* Main.storyboard */ = {
			isa = PBXVariantGroup;
			children = (
				8488140E2212A64A0001EBB0 /* Base */,
			);
			name = Main.storyboard;
			sourceTree = "<group>";
		};
		848814152212A64B0001EBB0 /* LaunchScreen.storyboard */ = {
			isa = PBXVariantGroup;
			children = (
				848814162212A64B0001EBB0 /* Base */,
			);
			name = LaunchScreen.storyboard;
			sourceTree = "<group>";
		};
/* End PBXVariantGroup section */

/* Begin XCBuildConfiguration section */
		8488142F2212A64B0001EBB0 /* Debug */ = {
			isa = XCBuildConfiguration;
			buildSettings = {
				ALWAYS_SEARCH_USER_PATHS = NO;
				CLANG_ANALYZER_NONNULL = YES;
				CLANG_ANALYZER_NUMBER_OBJECT_CONVERSION = YES_AGGRESSIVE;
				CLANG_CXX_LANGUAGE_STANDARD = "gnu++14";
				CLANG_CXX_LIBRARY = "libc++";
				CLANG_ENABLE_MODULES = YES;
				CLANG_ENABLE_OBJC_ARC = YES;
				CLANG_ENABLE_OBJC_WEAK = YES;
				CLANG_WARN_BLOCK_CAPTURE_AUTORELEASING = YES;
				CLANG_WARN_BOOL_CONVERSION = YES;
				CLANG_WARN_COMMA = YES;
				CLANG_WARN_CONSTANT_CONVERSION = YES;
				CLANG_WARN_DEPRECATED_OBJC_IMPLEMENTATIONS = YES;
				CLANG_WARN_DIRECT_OBJC_ISA_USAGE = YES_ERROR;
				CLANG_WARN_DOCUMENTATION_COMMENTS = YES;
				CLANG_WARN_EMPTY_BODY = YES;
				CLANG_WARN_ENUM_CONVERSION = YES;
				CLANG_WARN_INFINITE_RECURSION = YES;
				CLANG_WARN_INT_CONVERSION = YES;
				CLANG_WARN_NON_LITERAL_NULL_CONVERSION = YES;
				CLANG_WARN_OBJC_IMPLICIT_RETAIN_SELF = YES;
				CLANG_WARN_OBJC_LITERAL_CONVERSION = YES;
				CLANG_WARN_OBJC_ROOT_CLASS = YES_ERROR;
				CLANG_WARN_RANGE_LOOP_ANALYSIS = YES;
				CLANG_WARN_STRICT_PROTOTYPES = YES;
				CLANG_WARN_SUSPICIOUS_MOVE = YES;
				CLANG_WARN_UNGUARDED_AVAILABILITY = YES_AGGRESSIVE;
				CLANG_WARN_UNREACHABLE_CODE = YES;
				CLANG_WARN__DUPLICATE_METHOD_MATCH = YES;
				CODE_SIGN_IDENTITY = "iPhone Developer";
				COPY_PHASE_STRIP = NO;
				DEBUG_INFORMATION_FORMAT = dwarf;
				ENABLE_STRICT_OBJC_MSGSEND = YES;
				ENABLE_TESTABILITY = YES;
				GCC_C_LANGUAGE_STANDARD = gnu11;
				GCC_DYNAMIC_NO_PIC = NO;
				GCC_NO_COMMON_BLOCKS = YES;
				GCC_OPTIMIZATION_LEVEL = 0;
				GCC_PREPROCESSOR_DEFINITIONS = (
					"DEBUG=1",
					"$(inherited)",
				);
				GCC_WARN_64_TO_32_BIT_CONVERSION = YES;
				GCC_WARN_ABOUT_RETURN_TYPE = YES_ERROR;
				GCC_WARN_UNDECLARED_SELECTOR = YES;
				GCC_WARN_UNINITIALIZED_AUTOS = YES_AGGRESSIVE;
				GCC_WARN_UNUSED_FUNCTION = YES;
				GCC_WARN_UNUSED_VARIABLE = YES;
				IPHONEOS_DEPLOYMENT_TARGET = 12.1;
				MTL_ENABLE_DEBUG_INFO = INCLUDE_SOURCE;
				MTL_FAST_MATH = YES;
				ONLY_ACTIVE_ARCH = YES;
				SDKROOT = iphoneos;
				SWIFT_ACTIVE_COMPILATION_CONDITIONS = DEBUG;
				SWIFT_OPTIMIZATION_LEVEL = "-Onone";
			};
			name = Debug;
		};
		848814302212A64B0001EBB0 /* Release */ = {
			isa = XCBuildConfiguration;
			buildSettings = {
				ALWAYS_SEARCH_USER_PATHS = NO;
				CLANG_ANALYZER_NONNULL = YES;
				CLANG_ANALYZER_NUMBER_OBJECT_CONVERSION = YES_AGGRESSIVE;
				CLANG_CXX_LANGUAGE_STANDARD = "gnu++14";
				CLANG_CXX_LIBRARY = "libc++";
				CLANG_ENABLE_MODULES = YES;
				CLANG_ENABLE_OBJC_ARC = YES;
				CLANG_ENABLE_OBJC_WEAK = YES;
				CLANG_WARN_BLOCK_CAPTURE_AUTORELEASING = YES;
				CLANG_WARN_BOOL_CONVERSION = YES;
				CLANG_WARN_COMMA = YES;
				CLANG_WARN_CONSTANT_CONVERSION = YES;
				CLANG_WARN_DEPRECATED_OBJC_IMPLEMENTATIONS = YES;
				CLANG_WARN_DIRECT_OBJC_ISA_USAGE = YES_ERROR;
				CLANG_WARN_DOCUMENTATION_COMMENTS = YES;
				CLANG_WARN_EMPTY_BODY = YES;
				CLANG_WARN_ENUM_CONVERSION = YES;
				CLANG_WARN_INFINITE_RECURSION = YES;
				CLANG_WARN_INT_CONVERSION = YES;
				CLANG_WARN_NON_LITERAL_NULL_CONVERSION = YES;
				CLANG_WARN_OBJC_IMPLICIT_RETAIN_SELF = YES;
				CLANG_WARN_OBJC_LITERAL_CONVERSION = YES;
				CLANG_WARN_OBJC_ROOT_CLASS = YES_ERROR;
				CLANG_WARN_RANGE_LOOP_ANALYSIS = YES;
				CLANG_WARN_STRICT_PROTOTYPES = YES;
				CLANG_WARN_SUSPICIOUS_MOVE = YES;
				CLANG_WARN_UNGUARDED_AVAILABILITY = YES_AGGRESSIVE;
				CLANG_WARN_UNREACHABLE_CODE = YES;
				CLANG_WARN__DUPLICATE_METHOD_MATCH = YES;
				CODE_SIGN_IDENTITY = "iPhone Developer";
				COPY_PHASE_STRIP = NO;
				DEBUG_INFORMATION_FORMAT = "dwarf-with-dsym";
				ENABLE_NS_ASSERTIONS = NO;
				ENABLE_STRICT_OBJC_MSGSEND = YES;
				GCC_C_LANGUAGE_STANDARD = gnu11;
				GCC_NO_COMMON_BLOCKS = YES;
				GCC_WARN_64_TO_32_BIT_CONVERSION = YES;
				GCC_WARN_ABOUT_RETURN_TYPE = YES_ERROR;
				GCC_WARN_UNDECLARED_SELECTOR = YES;
				GCC_WARN_UNINITIALIZED_AUTOS = YES_AGGRESSIVE;
				GCC_WARN_UNUSED_FUNCTION = YES;
				GCC_WARN_UNUSED_VARIABLE = YES;
				IPHONEOS_DEPLOYMENT_TARGET = 12.1;
				MTL_ENABLE_DEBUG_INFO = NO;
				MTL_FAST_MATH = YES;
				SDKROOT = iphoneos;
				SWIFT_COMPILATION_MODE = wholemodule;
				SWIFT_OPTIMIZATION_LEVEL = "-O";
				VALIDATE_PRODUCT = YES;
			};
			name = Release;
		};
		848814322212A64B0001EBB0 /* Debug */ = {
			isa = XCBuildConfiguration;
			baseConfigurationReference = 3434EA8EB5D434CE855BFD6D /* Pods-package.debug.xcconfig */;
			buildSettings = {
				ASSETCATALOG_COMPILER_APPICON_NAME = AppIcon;
				CODE_SIGN_STYLE = Automatic;
				DEVELOPMENT_TEAM = 9EXEV76R45;
				INFOPLIST_FILE = package/Info.plist;
				IPHONEOS_DEPLOYMENT_TARGET = 11.0;
				LD_RUNPATH_SEARCH_PATHS = (
					"$(inherited)",
					"@executable_path/Frameworks",
				);
				PRODUCT_BUNDLE_IDENTIFIER = app.package;
				PRODUCT_NAME = "$(TARGET_NAME)";
				SWIFT_VERSION = 4.0;
				TARGETED_DEVICE_FAMILY = "1,2";
			};
			name = Debug;
		};
		848814332212A64B0001EBB0 /* Release */ = {
			isa = XCBuildConfiguration;
			baseConfigurationReference = 5FC68162359898F6251C3699 /* Pods-package.release.xcconfig */;
			buildSettings = {
				ASSETCATALOG_COMPILER_APPICON_NAME = AppIcon;
				CODE_SIGN_STYLE = Automatic;
				DEVELOPMENT_TEAM = 9EXEV76R45;
				INFOPLIST_FILE = package/Info.plist;
				IPHONEOS_DEPLOYMENT_TARGET = 11.0;
				LD_RUNPATH_SEARCH_PATHS = (
					"$(inherited)",
					"@executable_path/Frameworks",
				);
				PRODUCT_BUNDLE_IDENTIFIER = app.package;
				PRODUCT_NAME = "$(TARGET_NAME)";
				SWIFT_VERSION = 4.0;
				TARGETED_DEVICE_FAMILY = "1,2";
			};
			name = Release;
		};
		848814352212A64B0001EBB0 /* Debug */ = {
			isa = XCBuildConfiguration;
			baseConfigurationReference = C5DD890C0B879BEA8FC93B94 /* Pods-packageTests.debug.xcconfig */;
			buildSettings = {
				ALWAYS_EMBED_SWIFT_STANDARD_LIBRARIES = YES;
				BUNDLE_LOADER = "$(TEST_HOST)";
				CODE_SIGN_STYLE = Automatic;
				INFOPLIST_FILE = packageTests/Info.plist;
				LD_RUNPATH_SEARCH_PATHS = (
					"$(inherited)",
					"@executable_path/Frameworks",
					"@loader_path/Frameworks",
				);
				PRODUCT_BUNDLE_IDENTIFIER = app.packageTests;
				PRODUCT_NAME = "$(TARGET_NAME)";
				SWIFT_VERSION = 4.2;
				TARGETED_DEVICE_FAMILY = "1,2";
				TEST_HOST = "$(BUILT_PRODUCTS_DIR)/package.app/package";
			};
			name = Debug;
		};
		848814362212A64B0001EBB0 /* Release */ = {
			isa = XCBuildConfiguration;
			baseConfigurationReference = B81F2C41B41ECFC4C2951B95 /* Pods-packageTests.release.xcconfig */;
			buildSettings = {
				ALWAYS_EMBED_SWIFT_STANDARD_LIBRARIES = YES;
				BUNDLE_LOADER = "$(TEST_HOST)";
				CODE_SIGN_STYLE = Automatic;
				INFOPLIST_FILE = packageTests/Info.plist;
				LD_RUNPATH_SEARCH_PATHS = (
					"$(inherited)",
					"@executable_path/Frameworks",
					"@loader_path/Frameworks",
				);
				PRODUCT_BUNDLE_IDENTIFIER = app.packageTests;
				PRODUCT_NAME = "$(TARGET_NAME)";
				SWIFT_VERSION = 4.2;
				TARGETED_DEVICE_FAMILY = "1,2";
				TEST_HOST = "$(BUILT_PRODUCTS_DIR)/package.app/package";
			};
			name = Release;
		};
		848814382212A64B0001EBB0 /* Debug */ = {
			isa = XCBuildConfiguration;
			baseConfigurationReference = 99BBC0894D3ECFBD903FBCEB /* Pods-packageUITests.debug.xcconfig */;
			buildSettings = {
				ALWAYS_EMBED_SWIFT_STANDARD_LIBRARIES = YES;
				CODE_SIGN_STYLE = Automatic;
				INFOPLIST_FILE = packageUITests/Info.plist;
				LD_RUNPATH_SEARCH_PATHS = (
					"$(inherited)",
					"@executable_path/Frameworks",
					"@loader_path/Frameworks",
				);
				PRODUCT_BUNDLE_IDENTIFIER = app.packageUITests;
				PRODUCT_NAME = "$(TARGET_NAME)";
				SWIFT_VERSION = 4.2;
				TARGETED_DEVICE_FAMILY = "1,2";
				TEST_TARGET_NAME = package;
			};
			name = Debug;
		};
		848814392212A64B0001EBB0 /* Release */ = {
			isa = XCBuildConfiguration;
			baseConfigurationReference = 86B124059A4CFAEFBC9C7EA7 /* Pods-packageUITests.release.xcconfig */;
			buildSettings = {
				ALWAYS_EMBED_SWIFT_STANDARD_LIBRARIES = YES;
				CODE_SIGN_STYLE = Automatic;
				INFOPLIST_FILE = packageUITests/Info.plist;
				LD_RUNPATH_SEARCH_PATHS = (
					"$(inherited)",
					"@executable_path/Frameworks",
					"@loader_path/Frameworks",
				);
				PRODUCT_BUNDLE_IDENTIFIER = app.packageUITests;
				PRODUCT_NAME = "$(TARGET_NAME)";
				SWIFT_VERSION = 4.2;
				TARGETED_DEVICE_FAMILY = "1,2";
				TEST_TARGET_NAME = package;
			};
			name = Release;
		};
/* End XCBuildConfiguration section */

/* Begin XCConfigurationList section */
		848814012212A64A0001EBB0 /* Build configuration list for PBXProject "package" */ = {
			isa = XCConfigurationList;
			buildConfigurations = (
				8488142F2212A64B0001EBB0 /* Debug */,
				848814302212A64B0001EBB0 /* Release */,
			);
			defaultConfigurationIsVisible = 0;
			defaultConfigurationName = Release;
		};
		848814312212A64B0001EBB0 /* Build configuration list for PBXNativeTarget "package" */ = {
			isa = XCConfigurationList;
			buildConfigurations = (
				848814322212A64B0001EBB0 /* Debug */,
				848814332212A64B0001EBB0 /* Release */,
			);
			defaultConfigurationIsVisible = 0;
			defaultConfigurationName = Release;
		};
		848814342212A64B0001EBB0 /* Build configuration list for PBXNativeTarget "packageTests" */ = {
			isa = XCConfigurationList;
			buildConfigurations = (
				848814352212A64B0001EBB0 /* Debug */,
				848814362212A64B0001EBB0 /* Release */,
			);
			defaultConfigurationIsVisible = 0;
			defaultConfigurationName = Release;
		};
		848814372212A64B0001EBB0 /* Build configuration list for PBXNativeTarget "packageUITests" */ = {
			isa = XCConfigurationList;
			buildConfigurations = (
				848814382212A64B0001EBB0 /* Debug */,
				848814392212A64B0001EBB0 /* Release */,
			);
			defaultConfigurationIsVisible = 0;
			defaultConfigurationName = Release;
		};
/* End XCConfigurationList section */

/* Begin XCVersionGroup section */
		848814102212A64A0001EBB0 /* package.xcdatamodeld */ = {
			isa = XCVersionGroup;
			children = (
				848814112212A64A0001EBB0 /* package.xcdatamodel */,
			);
			currentVersion = 848814112212A64A0001EBB0 /* package.xcdatamodel */;
			path = package.xcdatamodeld;
			sourceTree = "<group>";
			versionGroupType = wrapper.xcdatamodel;
		};
/* End XCVersionGroup section */
	};
	rootObject = 848813FE2212A64A0001EBB0 /* Project object */;
}
